// !$*UTF8*$!
{
	archiveVersion = 1;
	classes = {
	};
	objectVersion = 46;
	objects = {

/* Begin PBXBuildFile section */
		46E1ED863D1AE6299829F698 /* Pods_App.framework in Frameworks */ = {isa = PBXBuildFile; fileRef = 7FF6E9E85DBCE64919937A1E /* Pods_App.framework */; };
		CA1233811DD8BF020092A525 /* UIViewController+LocationAuthorization.swift in Sources */ = {isa = PBXBuildFile; fileRef = CA1233801DD8BF020092A525 /* UIViewController+LocationAuthorization.swift */; };
		CA172C4A1DD8666A008E7A70 /* EditingNavigationController.swift in Sources */ = {isa = PBXBuildFile; fileRef = CA172C491DD8666A008E7A70 /* EditingNavigationController.swift */; };
		CA4FDC161DD5C28F00F7BF9F /* AppDelegate.swift in Sources */ = {isa = PBXBuildFile; fileRef = CA4FDC0C1DD5C28F00F7BF9F /* AppDelegate.swift */; };
		CA4FDC171DD5C28F00F7BF9F /* MainViewController.swift in Sources */ = {isa = PBXBuildFile; fileRef = CA4FDC0E1DD5C28F00F7BF9F /* MainViewController.swift */; };
		CA4FDC181DD5C28F00F7BF9F /* LaunchScreen.xib in Resources */ = {isa = PBXBuildFile; fileRef = CA4FDC101DD5C28F00F7BF9F /* LaunchScreen.xib */; };
		CA4FDC1A1DD5C28F00F7BF9F /* Images.xcassets in Resources */ = {isa = PBXBuildFile; fileRef = CA4FDC141DD5C28F00F7BF9F /* Images.xcassets */; };
		CA4FDC1E1DD5CF2900F7BF9F /* ReportProblemViewController.swift in Sources */ = {isa = PBXBuildFile; fileRef = CA4FDC1D1DD5CF2900F7BF9F /* ReportProblemViewController.swift */; };
		CABE90E81DD89B9A00746CF9 /* MapKit.framework in Frameworks */ = {isa = PBXBuildFile; fileRef = CABE90E71DD89B9A00746CF9 /* MapKit.framework */; };
		CABEBB971DD74C47007870AD /* FietsknelpuntenAPI.framework in Frameworks */ = {isa = PBXBuildFile; fileRef = CABEBB8E1DD74C46007870AD /* FietsknelpuntenAPI.framework */; };
		CABEBBA01DD74C47007870AD /* FietsknelpuntenAPI.h in Headers */ = {isa = PBXBuildFile; fileRef = CABEBB901DD74C46007870AD /* FietsknelpuntenAPI.h */; settings = {ATTRIBUTES = (Public, ); }; };
		CABEBBA31DD74C47007870AD /* FietsknelpuntenAPI.framework in Frameworks */ = {isa = PBXBuildFile; fileRef = CABEBB8E1DD74C46007870AD /* FietsknelpuntenAPI.framework */; };
		CABEBBA41DD74C47007870AD /* FietsknelpuntenAPI.framework in Embed Frameworks */ = {isa = PBXBuildFile; fileRef = CABEBB8E1DD74C46007870AD /* FietsknelpuntenAPI.framework */; settings = {ATTRIBUTES = (CodeSignOnCopy, RemoveHeadersOnCopy, ); }; };
		CABEBBAD1DD74CFA007870AD /* API.swift in Sources */ = {isa = PBXBuildFile; fileRef = CABEBBAC1DD74CFA007870AD /* API.swift */; };
		CABEBBB21DD78845007870AD /* APITests.swift in Sources */ = {isa = PBXBuildFile; fileRef = CABEBBB11DD78845007870AD /* APITests.swift */; };
		CABEBBB41DD7A849007870AD /* TagGroup.swift in Sources */ = {isa = PBXBuildFile; fileRef = CABEBBB31DD7A849007870AD /* TagGroup.swift */; };
		CABEBBB61DD7A8E8007870AD /* Tag.swift in Sources */ = {isa = PBXBuildFile; fileRef = CABEBBB51DD7A8E8007870AD /* Tag.swift */; };
		CABEBBB81DD7A961007870AD /* API+Tags.swift in Sources */ = {isa = PBXBuildFile; fileRef = CABEBBB71DD7A961007870AD /* API+Tags.swift */; };
		CABEBBBA1DD7EA55007870AD /* TextFieldCell.swift in Sources */ = {isa = PBXBuildFile; fileRef = CABEBBB91DD7EA55007870AD /* TextFieldCell.swift */; };
		CABEBBBC1DD7EAEF007870AD /* Report.swift in Sources */ = {isa = PBXBuildFile; fileRef = CABEBBBB1DD7EAEF007870AD /* Report.swift */; };
		CABEBBBE1DD7EB48007870AD /* Array+Safe.swift in Sources */ = {isa = PBXBuildFile; fileRef = CABEBBBD1DD7EB48007870AD /* Array+Safe.swift */; };
		CABEBBC01DD7EB97007870AD /* Dictionary+Conversion.swift in Sources */ = {isa = PBXBuildFile; fileRef = CABEBBBF1DD7EB97007870AD /* Dictionary+Conversion.swift */; };
		CABEBBC21DD7EC3F007870AD /* ReportTagsViewController.swift in Sources */ = {isa = PBXBuildFile; fileRef = CABEBBC11DD7EC3F007870AD /* ReportTagsViewController.swift */; };
		CABEBBC41DD7F51C007870AD /* TextViewCell.swift in Sources */ = {isa = PBXBuildFile; fileRef = CABEBBC31DD7F51C007870AD /* TextViewCell.swift */; };
		CAE97BEE1DDA4AA6007D00C0 /* TintedButton.swift in Sources */ = {isa = PBXBuildFile; fileRef = CAE97BED1DDA4AA6007D00C0 /* TintedButton.swift */; };
		CAE97BF01DDA6614007D00C0 /* UIViewController+PhotosAuthorization.swift in Sources */ = {isa = PBXBuildFile; fileRef = CAE97BEF1DDA6614007D00C0 /* UIViewController+PhotosAuthorization.swift */; };
/* End PBXBuildFile section */

/* Begin PBXContainerItemProxy section */
		CABEBB981DD74C47007870AD /* PBXContainerItemProxy */ = {
			isa = PBXContainerItemProxy;
			containerPortal = CA1505D91A80115300058046 /* Project object */;
			proxyType = 1;
			remoteGlobalIDString = CABEBB8D1DD74C46007870AD;
			remoteInfo = FietsknelpuntenAPI;
		};
		CABEBB9A1DD74C47007870AD /* PBXContainerItemProxy */ = {
			isa = PBXContainerItemProxy;
			containerPortal = CA1505D91A80115300058046 /* Project object */;
			proxyType = 1;
			remoteGlobalIDString = CA1505E01A80115400058046;
			remoteInfo = App;
		};
		CABEBBA11DD74C47007870AD /* PBXContainerItemProxy */ = {
			isa = PBXContainerItemProxy;
			containerPortal = CA1505D91A80115300058046 /* Project object */;
			proxyType = 1;
			remoteGlobalIDString = CABEBB8D1DD74C46007870AD;
			remoteInfo = FietsknelpuntenAPI;
		};
/* End PBXContainerItemProxy section */

/* Begin PBXCopyFilesBuildPhase section */
		CABEBBAA1DD74C47007870AD /* Embed Frameworks */ = {
			isa = PBXCopyFilesBuildPhase;
			buildActionMask = 2147483647;
			dstPath = "";
			dstSubfolderSpec = 10;
			files = (
				CABEBBA41DD74C47007870AD /* FietsknelpuntenAPI.framework in Embed Frameworks */,
			);
			name = "Embed Frameworks";
			runOnlyForDeploymentPostprocessing = 0;
		};
/* End PBXCopyFilesBuildPhase section */

/* Begin PBXFileReference section */
		523EB31B7A9C690DBDAE81EA /* Pods-App.release.xcconfig */ = {isa = PBXFileReference; includeInIndex = 1; lastKnownFileType = text.xcconfig; name = "Pods-App.release.xcconfig"; path = "Pods/Target Support Files/Pods-App/Pods-App.release.xcconfig"; sourceTree = "<group>"; };
		7FF6E9E85DBCE64919937A1E /* Pods_App.framework */ = {isa = PBXFileReference; explicitFileType = wrapper.framework; includeInIndex = 0; path = Pods_App.framework; sourceTree = BUILT_PRODUCTS_DIR; };
		A0C6660004CC7CA00BDBCF8E /* Pods-App.debug.xcconfig */ = {isa = PBXFileReference; includeInIndex = 1; lastKnownFileType = text.xcconfig; name = "Pods-App.debug.xcconfig"; path = "Pods/Target Support Files/Pods-App/Pods-App.debug.xcconfig"; sourceTree = "<group>"; };
		CA1233801DD8BF020092A525 /* UIViewController+LocationAuthorization.swift */ = {isa = PBXFileReference; fileEncoding = 4; lastKnownFileType = sourcecode.swift; path = "UIViewController+LocationAuthorization.swift"; sourceTree = "<group>"; };
		CA1505E11A80115400058046 /* Fietsknelpunten.app */ = {isa = PBXFileReference; explicitFileType = wrapper.application; includeInIndex = 0; path = Fietsknelpunten.app; sourceTree = BUILT_PRODUCTS_DIR; };
		CA172C491DD8666A008E7A70 /* EditingNavigationController.swift */ = {isa = PBXFileReference; fileEncoding = 4; lastKnownFileType = sourcecode.swift; path = EditingNavigationController.swift; sourceTree = "<group>"; };
		CA4FDC0C1DD5C28F00F7BF9F /* AppDelegate.swift */ = {isa = PBXFileReference; fileEncoding = 4; lastKnownFileType = sourcecode.swift; path = AppDelegate.swift; sourceTree = "<group>"; };
		CA4FDC0E1DD5C28F00F7BF9F /* MainViewController.swift */ = {isa = PBXFileReference; fileEncoding = 4; lastKnownFileType = sourcecode.swift; path = MainViewController.swift; sourceTree = "<group>"; };
		CA4FDC111DD5C28F00F7BF9F /* Base */ = {isa = PBXFileReference; lastKnownFileType = file.xib; name = Base; path = Base.lproj/LaunchScreen.xib; sourceTree = "<group>"; };
		CA4FDC141DD5C28F00F7BF9F /* Images.xcassets */ = {isa = PBXFileReference; lastKnownFileType = folder.assetcatalog; path = Images.xcassets; sourceTree = "<group>"; };
		CA4FDC151DD5C28F00F7BF9F /* Info.plist */ = {isa = PBXFileReference; fileEncoding = 4; lastKnownFileType = text.plist.xml; path = Info.plist; sourceTree = "<group>"; };
		CA4FDC1D1DD5CF2900F7BF9F /* ReportProblemViewController.swift */ = {isa = PBXFileReference; fileEncoding = 4; lastKnownFileType = sourcecode.swift; path = ReportProblemViewController.swift; sourceTree = "<group>"; };
		CABE90E71DD89B9A00746CF9 /* MapKit.framework */ = {isa = PBXFileReference; lastKnownFileType = wrapper.framework; name = MapKit.framework; path = System/Library/Frameworks/MapKit.framework; sourceTree = SDKROOT; };
		CABEBB8E1DD74C46007870AD /* FietsknelpuntenAPI.framework */ = {isa = PBXFileReference; explicitFileType = wrapper.framework; includeInIndex = 0; path = FietsknelpuntenAPI.framework; sourceTree = BUILT_PRODUCTS_DIR; };
		CABEBB901DD74C46007870AD /* FietsknelpuntenAPI.h */ = {isa = PBXFileReference; lastKnownFileType = sourcecode.c.h; path = FietsknelpuntenAPI.h; sourceTree = "<group>"; };
		CABEBB911DD74C46007870AD /* Info.plist */ = {isa = PBXFileReference; lastKnownFileType = text.plist.xml; path = Info.plist; sourceTree = "<group>"; };
		CABEBB961DD74C47007870AD /* FietsknelpuntenAPITests.xctest */ = {isa = PBXFileReference; explicitFileType = wrapper.cfbundle; includeInIndex = 0; path = FietsknelpuntenAPITests.xctest; sourceTree = BUILT_PRODUCTS_DIR; };
		CABEBB9F1DD74C47007870AD /* Info.plist */ = {isa = PBXFileReference; lastKnownFileType = text.plist.xml; path = Info.plist; sourceTree = "<group>"; };
		CABEBBAC1DD74CFA007870AD /* API.swift */ = {isa = PBXFileReference; fileEncoding = 4; lastKnownFileType = sourcecode.swift; path = API.swift; sourceTree = "<group>"; };
		CABEBBB11DD78845007870AD /* APITests.swift */ = {isa = PBXFileReference; fileEncoding = 4; lastKnownFileType = sourcecode.swift; path = APITests.swift; sourceTree = "<group>"; };
		CABEBBB31DD7A849007870AD /* TagGroup.swift */ = {isa = PBXFileReference; fileEncoding = 4; lastKnownFileType = sourcecode.swift; path = TagGroup.swift; sourceTree = "<group>"; };
		CABEBBB51DD7A8E8007870AD /* Tag.swift */ = {isa = PBXFileReference; fileEncoding = 4; lastKnownFileType = sourcecode.swift; path = Tag.swift; sourceTree = "<group>"; };
		CABEBBB71DD7A961007870AD /* API+Tags.swift */ = {isa = PBXFileReference; fileEncoding = 4; lastKnownFileType = sourcecode.swift; path = "API+Tags.swift"; sourceTree = "<group>"; };
		CABEBBB91DD7EA55007870AD /* TextFieldCell.swift */ = {isa = PBXFileReference; fileEncoding = 4; lastKnownFileType = sourcecode.swift; path = TextFieldCell.swift; sourceTree = "<group>"; };
		CABEBBBB1DD7EAEF007870AD /* Report.swift */ = {isa = PBXFileReference; fileEncoding = 4; lastKnownFileType = sourcecode.swift; path = Report.swift; sourceTree = "<group>"; };
		CABEBBBD1DD7EB48007870AD /* Array+Safe.swift */ = {isa = PBXFileReference; fileEncoding = 4; lastKnownFileType = sourcecode.swift; path = "Array+Safe.swift"; sourceTree = "<group>"; };
		CABEBBBF1DD7EB97007870AD /* Dictionary+Conversion.swift */ = {isa = PBXFileReference; fileEncoding = 4; lastKnownFileType = sourcecode.swift; path = "Dictionary+Conversion.swift"; sourceTree = "<group>"; };
		CABEBBC11DD7EC3F007870AD /* ReportTagsViewController.swift */ = {isa = PBXFileReference; fileEncoding = 4; lastKnownFileType = sourcecode.swift; path = ReportTagsViewController.swift; sourceTree = "<group>"; };
		CABEBBC31DD7F51C007870AD /* TextViewCell.swift */ = {isa = PBXFileReference; fileEncoding = 4; lastKnownFileType = sourcecode.swift; path = TextViewCell.swift; sourceTree = "<group>"; };
		CAE97BED1DDA4AA6007D00C0 /* TintedButton.swift */ = {isa = PBXFileReference; fileEncoding = 4; lastKnownFileType = sourcecode.swift; path = TintedButton.swift; sourceTree = "<group>"; };
		CAE97BEF1DDA6614007D00C0 /* UIViewController+PhotosAuthorization.swift */ = {isa = PBXFileReference; fileEncoding = 4; lastKnownFileType = sourcecode.swift; path = "UIViewController+PhotosAuthorization.swift"; sourceTree = "<group>"; };
/* End PBXFileReference section */

/* Begin PBXFrameworksBuildPhase section */
		CA1505DE1A80115400058046 /* Frameworks */ = {
			isa = PBXFrameworksBuildPhase;
			buildActionMask = 2147483647;
			files = (
				46E1ED863D1AE6299829F698 /* Pods_App.framework in Frameworks */,
				CABE90E81DD89B9A00746CF9 /* MapKit.framework in Frameworks */,
				CABEBBA31DD74C47007870AD /* FietsknelpuntenAPI.framework in Frameworks */,
			);
			runOnlyForDeploymentPostprocessing = 0;
		};
		CABEBB8A1DD74C46007870AD /* Frameworks */ = {
			isa = PBXFrameworksBuildPhase;
			buildActionMask = 2147483647;
			files = (
			);
			runOnlyForDeploymentPostprocessing = 0;
		};
		CABEBB931DD74C47007870AD /* Frameworks */ = {
			isa = PBXFrameworksBuildPhase;
			buildActionMask = 2147483647;
			files = (
				CABEBB971DD74C47007870AD /* FietsknelpuntenAPI.framework in Frameworks */,
			);
			runOnlyForDeploymentPostprocessing = 0;
		};
/* End PBXFrameworksBuildPhase section */

/* Begin PBXGroup section */
		5A84A4567A84FC4CAFC0C232 /* Frameworks */ = {
			isa = PBXGroup;
			children = (
				CABE90E71DD89B9A00746CF9 /* MapKit.framework */,
				7FF6E9E85DBCE64919937A1E /* Pods_App.framework */,
			);
			name = Frameworks;
			sourceTree = "<group>";
		};
		8A4690D293CA8B584418F913 /* Pods */ = {
			isa = PBXGroup;
			children = (
				A0C6660004CC7CA00BDBCF8E /* Pods-App.debug.xcconfig */,
				523EB31B7A9C690DBDAE81EA /* Pods-App.release.xcconfig */,
			);
			name = Pods;
			sourceTree = "<group>";
		};
		CA1505D81A80115300058046 = {
			isa = PBXGroup;
			children = (
				CA4FDC0B1DD5C28F00F7BF9F /* App */,
				CABEBB8F1DD74C46007870AD /* FietsknelpuntenAPI */,
				CABEBB9C1DD74C47007870AD /* FietsknelpuntenAPITests */,
				CA1505E21A80115400058046 /* Products */,
				8A4690D293CA8B584418F913 /* Pods */,
				5A84A4567A84FC4CAFC0C232 /* Frameworks */,
			);
			sourceTree = "<group>";
		};
		CA1505E21A80115400058046 /* Products */ = {
			isa = PBXGroup;
			children = (
				CA1505E11A80115400058046 /* Fietsknelpunten.app */,
				CABEBB8E1DD74C46007870AD /* FietsknelpuntenAPI.framework */,
				CABEBB961DD74C47007870AD /* FietsknelpuntenAPITests.xctest */,
			);
			name = Products;
			sourceTree = "<group>";
		};
		CA4FDC0B1DD5C28F00F7BF9F /* App */ = {
			isa = PBXGroup;
			children = (
				CA4FDC0C1DD5C28F00F7BF9F /* AppDelegate.swift */,
				CA172C491DD8666A008E7A70 /* EditingNavigationController.swift */,
				CA4FDC0E1DD5C28F00F7BF9F /* MainViewController.swift */,
				CA4FDC1C1DD5CEBC00F7BF9F /* Report */,
				CA4FDC0F1DD5C28F00F7BF9F /* Resources */,
				CA1233801DD8BF020092A525 /* UIViewController+LocationAuthorization.swift */,
				CAE97BEF1DDA6614007D00C0 /* UIViewController+PhotosAuthorization.swift */,
			);
			path = App;
			sourceTree = "<group>";
		};
		CA4FDC0F1DD5C28F00F7BF9F /* Resources */ = {
			isa = PBXGroup;
			children = (
				CA4FDC101DD5C28F00F7BF9F /* LaunchScreen.xib */,
				CA4FDC141DD5C28F00F7BF9F /* Images.xcassets */,
				CA4FDC151DD5C28F00F7BF9F /* Info.plist */,
			);
			path = Resources;
			sourceTree = "<group>";
		};
		CA4FDC1C1DD5CEBC00F7BF9F /* Report */ = {
			isa = PBXGroup;
			children = (
				CABEBBBB1DD7EAEF007870AD /* Report.swift */,
				CA4FDC1D1DD5CF2900F7BF9F /* ReportProblemViewController.swift */,
				CABEBBC11DD7EC3F007870AD /* ReportTagsViewController.swift */,
				CABEBBB91DD7EA55007870AD /* TextFieldCell.swift */,
				CABEBBC31DD7F51C007870AD /* TextViewCell.swift */,
				CAE97BED1DDA4AA6007D00C0 /* TintedButton.swift */,
			);
			path = Report;
			sourceTree = "<group>";
		};
		CABEBB8F1DD74C46007870AD /* FietsknelpuntenAPI */ = {
			isa = PBXGroup;
			children = (
				CABEBBAC1DD74CFA007870AD /* API.swift */,
				CABEBBB71DD7A961007870AD /* API+Tags.swift */,
				CABEBB901DD74C46007870AD /* FietsknelpuntenAPI.h */,
				CABEBB911DD74C46007870AD /* Info.plist */,
				CABEBBB51DD7A8E8007870AD /* Tag.swift */,
				CABEBBB31DD7A849007870AD /* TagGroup.swift */,
				CABEBBBD1DD7EB48007870AD /* Array+Safe.swift */,
				CABEBBBF1DD7EB97007870AD /* Dictionary+Conversion.swift */,
			);
			path = FietsknelpuntenAPI;
			sourceTree = "<group>";
		};
		CABEBB9C1DD74C47007870AD /* FietsknelpuntenAPITests */ = {
			isa = PBXGroup;
			children = (
				CABEBB9F1DD74C47007870AD /* Info.plist */,
				CABEBBB11DD78845007870AD /* APITests.swift */,
			);
			name = FietsknelpuntenAPITests;
			path = FietsknelpuntenAPI/Tests;
			sourceTree = "<group>";
		};
/* End PBXGroup section */

/* Begin PBXHeadersBuildPhase section */
		CABEBB8B1DD74C46007870AD /* Headers */ = {
			isa = PBXHeadersBuildPhase;
			buildActionMask = 2147483647;
			files = (
				CABEBBA01DD74C47007870AD /* FietsknelpuntenAPI.h in Headers */,
			);
			runOnlyForDeploymentPostprocessing = 0;
		};
/* End PBXHeadersBuildPhase section */

/* Begin PBXNativeTarget section */
		CA1505E01A80115400058046 /* App */ = {
			isa = PBXNativeTarget;
			buildConfigurationList = CA1506041A80115400058046 /* Build configuration list for PBXNativeTarget "App" */;
			buildPhases = (
				3EC0D0959E80DFDF42EF272D /* [CP] Check Pods Manifest.lock */,
				CA1505DD1A80115400058046 /* Sources */,
				CA1505DE1A80115400058046 /* Frameworks */,
				CA1505DF1A80115400058046 /* Resources */,
				F881F2A7C88D0233C2065FF9 /* [CP] Embed Pods Frameworks */,
				539F7AD207BF2728E2EE5A92 /* [CP] Copy Pods Resources */,
				CABEBBAA1DD74C47007870AD /* Embed Frameworks */,
			);
			buildRules = (
			);
			dependencies = (
				CABEBBA21DD74C47007870AD /* PBXTargetDependency */,
			);
			name = App;
			productName = Fietsknelpunten;
			productReference = CA1505E11A80115400058046 /* Fietsknelpunten.app */;
			productType = "com.apple.product-type.application";
		};
		CABEBB8D1DD74C46007870AD /* FietsknelpuntenAPI */ = {
			isa = PBXNativeTarget;
			buildConfigurationList = CABEBBA91DD74C47007870AD /* Build configuration list for PBXNativeTarget "FietsknelpuntenAPI" */;
			buildPhases = (
				CABEBB891DD74C46007870AD /* Sources */,
				CABEBB8A1DD74C46007870AD /* Frameworks */,
				CABEBB8B1DD74C46007870AD /* Headers */,
				CABEBB8C1DD74C46007870AD /* Resources */,
			);
			buildRules = (
			);
			dependencies = (
			);
			name = FietsknelpuntenAPI;
			productName = FietsknelpuntenAPI;
			productReference = CABEBB8E1DD74C46007870AD /* FietsknelpuntenAPI.framework */;
			productType = "com.apple.product-type.framework";
		};
		CABEBB951DD74C47007870AD /* FietsknelpuntenAPITests */ = {
			isa = PBXNativeTarget;
			buildConfigurationList = CABEBBAB1DD74C47007870AD /* Build configuration list for PBXNativeTarget "FietsknelpuntenAPITests" */;
			buildPhases = (
				CABEBB921DD74C47007870AD /* Sources */,
				CABEBB931DD74C47007870AD /* Frameworks */,
				CABEBB941DD74C47007870AD /* Resources */,
			);
			buildRules = (
			);
			dependencies = (
				CABEBB991DD74C47007870AD /* PBXTargetDependency */,
				CABEBB9B1DD74C47007870AD /* PBXTargetDependency */,
			);
			name = FietsknelpuntenAPITests;
			productName = FietsknelpuntenAPITests;
			productReference = CABEBB961DD74C47007870AD /* FietsknelpuntenAPITests.xctest */;
			productType = "com.apple.product-type.bundle.unit-test";
		};
/* End PBXNativeTarget section */

/* Begin PBXProject section */
		CA1505D91A80115300058046 /* Project object */ = {
			isa = PBXProject;
			attributes = {
				LastSwiftUpdateCheck = 0810;
				LastUpgradeCheck = 0610;
				ORGANIZATIONNAME = Fietsknelpunten;
				TargetAttributes = {
					CA1505E01A80115400058046 = {
						CreatedOnToolsVersion = 6.1.1;
						DevelopmentTeam = CWWS67CQ58;
						LastSwiftMigration = 0810;
						SystemCapabilities = {
							com.apple.Maps.iOS = {
								enabled = 1;
							};
						};
					};
					CABEBB8D1DD74C46007870AD = {
						CreatedOnToolsVersion = 8.1;
						LastSwiftMigration = 0810;
						ProvisioningStyle = Automatic;
					};
					CABEBB951DD74C47007870AD = {
						CreatedOnToolsVersion = 8.1;
						LastSwiftMigration = 0810;
						ProvisioningStyle = Automatic;
						TestTargetID = CA1505E01A80115400058046;
					};
				};
			};
			buildConfigurationList = CA1505DC1A80115300058046 /* Build configuration list for PBXProject "Fietsknelpunten" */;
			compatibilityVersion = "Xcode 3.2";
			developmentRegion = English;
			hasScannedForEncodings = 0;
			knownRegions = (
				en,
				Base,
			);
			mainGroup = CA1505D81A80115300058046;
			productRefGroup = CA1505E21A80115400058046 /* Products */;
			projectDirPath = "";
			projectRoot = "";
			targets = (
				CA1505E01A80115400058046 /* App */,
				CABEBB8D1DD74C46007870AD /* FietsknelpuntenAPI */,
				CABEBB951DD74C47007870AD /* FietsknelpuntenAPITests */,
			);
		};
/* End PBXProject section */

/* Begin PBXResourcesBuildPhase section */
		CA1505DF1A80115400058046 /* Resources */ = {
			isa = PBXResourcesBuildPhase;
			buildActionMask = 2147483647;
			files = (
				CA4FDC1A1DD5C28F00F7BF9F /* Images.xcassets in Resources */,
				CA4FDC181DD5C28F00F7BF9F /* LaunchScreen.xib in Resources */,
			);
			runOnlyForDeploymentPostprocessing = 0;
		};
		CABEBB8C1DD74C46007870AD /* Resources */ = {
			isa = PBXResourcesBuildPhase;
			buildActionMask = 2147483647;
			files = (
			);
			runOnlyForDeploymentPostprocessing = 0;
		};
		CABEBB941DD74C47007870AD /* Resources */ = {
			isa = PBXResourcesBuildPhase;
			buildActionMask = 2147483647;
			files = (
			);
			runOnlyForDeploymentPostprocessing = 0;
		};
/* End PBXResourcesBuildPhase section */

/* Begin PBXShellScriptBuildPhase section */
		3EC0D0959E80DFDF42EF272D /* [CP] Check Pods Manifest.lock */ = {
			isa = PBXShellScriptBuildPhase;
			buildActionMask = 2147483647;
			files = (
			);
			inputPaths = (
			);
			name = "[CP] Check Pods Manifest.lock";
			outputPaths = (
			);
			runOnlyForDeploymentPostprocessing = 0;
			shellPath = /bin/sh;
			shellScript = "diff \"${PODS_ROOT}/../Podfile.lock\" \"${PODS_ROOT}/Manifest.lock\" > /dev/null\nif [ $? != 0 ] ; then\n    # print error to STDERR\n    echo \"error: The sandbox is not in sync with the Podfile.lock. Run 'pod install' or update your CocoaPods installation.\" >&2\n    exit 1\nfi\n";
			showEnvVarsInLog = 0;
		};
		539F7AD207BF2728E2EE5A92 /* [CP] Copy Pods Resources */ = {
			isa = PBXShellScriptBuildPhase;
			buildActionMask = 2147483647;
			files = (
			);
			inputPaths = (
			);
			name = "[CP] Copy Pods Resources";
			outputPaths = (
			);
			runOnlyForDeploymentPostprocessing = 0;
			shellPath = /bin/sh;
			shellScript = "\"${SRCROOT}/Pods/Target Support Files/Pods-App/Pods-App-resources.sh\"\n";
			showEnvVarsInLog = 0;
		};
		F881F2A7C88D0233C2065FF9 /* [CP] Embed Pods Frameworks */ = {
			isa = PBXShellScriptBuildPhase;
			buildActionMask = 2147483647;
			files = (
			);
			inputPaths = (
			);
			name = "[CP] Embed Pods Frameworks";
			outputPaths = (
			);
			runOnlyForDeploymentPostprocessing = 0;
			shellPath = /bin/sh;
			shellScript = "\"${SRCROOT}/Pods/Target Support Files/Pods-App/Pods-App-frameworks.sh\"\n";
			showEnvVarsInLog = 0;
		};
/* End PBXShellScriptBuildPhase section */

/* Begin PBXSourcesBuildPhase section */
		CA1505DD1A80115400058046 /* Sources */ = {
			isa = PBXSourcesBuildPhase;
			buildActionMask = 2147483647;
			files = (
				CA4FDC1E1DD5CF2900F7BF9F /* ReportProblemViewController.swift in Sources */,
				CAE97BF01DDA6614007D00C0 /* UIViewController+PhotosAuthorization.swift in Sources */,
				CABEBBC21DD7EC3F007870AD /* ReportTagsViewController.swift in Sources */,
				CABEBBBC1DD7EAEF007870AD /* Report.swift in Sources */,
				CA4FDC161DD5C28F00F7BF9F /* AppDelegate.swift in Sources */,
				CA172C4A1DD8666A008E7A70 /* EditingNavigationController.swift in Sources */,
				CAE97BEE1DDA4AA6007D00C0 /* TintedButton.swift in Sources */,
				CA4FDC171DD5C28F00F7BF9F /* MainViewController.swift in Sources */,
				CABEBBBA1DD7EA55007870AD /* TextFieldCell.swift in Sources */,
				CABEBBC41DD7F51C007870AD /* TextViewCell.swift in Sources */,
				CA1233811DD8BF020092A525 /* UIViewController+LocationAuthorization.swift in Sources */,
			);
			runOnlyForDeploymentPostprocessing = 0;
		};
		CABEBB891DD74C46007870AD /* Sources */ = {
			isa = PBXSourcesBuildPhase;
			buildActionMask = 2147483647;
			files = (
				CABEBBB61DD7A8E8007870AD /* Tag.swift in Sources */,
				CABEBBBE1DD7EB48007870AD /* Array+Safe.swift in Sources */,
				CABEBBB81DD7A961007870AD /* API+Tags.swift in Sources */,
				CABEBBB41DD7A849007870AD /* TagGroup.swift in Sources */,
				CABEBBC01DD7EB97007870AD /* Dictionary+Conversion.swift in Sources */,
				CABEBBAD1DD74CFA007870AD /* API.swift in Sources */,
			);
			runOnlyForDeploymentPostprocessing = 0;
		};
		CABEBB921DD74C47007870AD /* Sources */ = {
			isa = PBXSourcesBuildPhase;
			buildActionMask = 2147483647;
			files = (
				CABEBBB21DD78845007870AD /* APITests.swift in Sources */,
			);
			runOnlyForDeploymentPostprocessing = 0;
		};
/* End PBXSourcesBuildPhase section */

/* Begin PBXTargetDependency section */
		CABEBB991DD74C47007870AD /* PBXTargetDependency */ = {
			isa = PBXTargetDependency;
			target = CABEBB8D1DD74C46007870AD /* FietsknelpuntenAPI */;
			targetProxy = CABEBB981DD74C47007870AD /* PBXContainerItemProxy */;
		};
		CABEBB9B1DD74C47007870AD /* PBXTargetDependency */ = {
			isa = PBXTargetDependency;
			target = CA1505E01A80115400058046 /* App */;
			targetProxy = CABEBB9A1DD74C47007870AD /* PBXContainerItemProxy */;
		};
		CABEBBA21DD74C47007870AD /* PBXTargetDependency */ = {
			isa = PBXTargetDependency;
			target = CABEBB8D1DD74C46007870AD /* FietsknelpuntenAPI */;
			targetProxy = CABEBBA11DD74C47007870AD /* PBXContainerItemProxy */;
		};
/* End PBXTargetDependency section */

/* Begin PBXVariantGroup section */
		CA4FDC101DD5C28F00F7BF9F /* LaunchScreen.xib */ = {
			isa = PBXVariantGroup;
			children = (
				CA4FDC111DD5C28F00F7BF9F /* Base */,
			);
			name = LaunchScreen.xib;
			sourceTree = "<group>";
		};
/* End PBXVariantGroup section */

/* Begin XCBuildConfiguration section */
		CA1506021A80115400058046 /* Debug */ = {
			isa = XCBuildConfiguration;
			buildSettings = {
				ALWAYS_SEARCH_USER_PATHS = NO;
				CLANG_CXX_LANGUAGE_STANDARD = "gnu++0x";
				CLANG_CXX_LIBRARY = "libc++";
				CLANG_ENABLE_MODULES = YES;
				CLANG_ENABLE_OBJC_ARC = YES;
				CLANG_WARN_BOOL_CONVERSION = YES;
				CLANG_WARN_CONSTANT_CONVERSION = YES;
				CLANG_WARN_DIRECT_OBJC_ISA_USAGE = YES_ERROR;
				CLANG_WARN_EMPTY_BODY = YES;
				CLANG_WARN_ENUM_CONVERSION = YES;
				CLANG_WARN_INT_CONVERSION = YES;
				CLANG_WARN_OBJC_ROOT_CLASS = YES_ERROR;
				CLANG_WARN_UNREACHABLE_CODE = YES;
				CLANG_WARN__DUPLICATE_METHOD_MATCH = YES;
				"CODE_SIGN_IDENTITY[sdk=iphoneos*]" = "iPhone Developer";
				COPY_PHASE_STRIP = NO;
				ENABLE_STRICT_OBJC_MSGSEND = YES;
				GCC_C_LANGUAGE_STANDARD = gnu99;
				GCC_DYNAMIC_NO_PIC = NO;
				GCC_OPTIMIZATION_LEVEL = 0;
				GCC_PREPROCESSOR_DEFINITIONS = (
					"DEBUG=1",
					"$(inherited)",
				);
				GCC_SYMBOLS_PRIVATE_EXTERN = NO;
				GCC_WARN_64_TO_32_BIT_CONVERSION = YES;
				GCC_WARN_ABOUT_RETURN_TYPE = YES_ERROR;
				GCC_WARN_UNDECLARED_SELECTOR = YES;
				GCC_WARN_UNINITIALIZED_AUTOS = YES_AGGRESSIVE;
				GCC_WARN_UNUSED_FUNCTION = YES;
				GCC_WARN_UNUSED_VARIABLE = YES;
				IPHONEOS_DEPLOYMENT_TARGET = 8.1;
				MTL_ENABLE_DEBUG_INFO = YES;
				ONLY_ACTIVE_ARCH = YES;
				SDKROOT = iphoneos;
			};
			name = Debug;
		};
		CA1506031A80115400058046 /* Release */ = {
			isa = XCBuildConfiguration;
			buildSettings = {
				ALWAYS_SEARCH_USER_PATHS = NO;
				CLANG_CXX_LANGUAGE_STANDARD = "gnu++0x";
				CLANG_CXX_LIBRARY = "libc++";
				CLANG_ENABLE_MODULES = YES;
				CLANG_ENABLE_OBJC_ARC = YES;
				CLANG_WARN_BOOL_CONVERSION = YES;
				CLANG_WARN_CONSTANT_CONVERSION = YES;
				CLANG_WARN_DIRECT_OBJC_ISA_USAGE = YES_ERROR;
				CLANG_WARN_EMPTY_BODY = YES;
				CLANG_WARN_ENUM_CONVERSION = YES;
				CLANG_WARN_INT_CONVERSION = YES;
				CLANG_WARN_OBJC_ROOT_CLASS = YES_ERROR;
				CLANG_WARN_UNREACHABLE_CODE = YES;
				CLANG_WARN__DUPLICATE_METHOD_MATCH = YES;
				"CODE_SIGN_IDENTITY[sdk=iphoneos*]" = "iPhone Developer";
				COPY_PHASE_STRIP = YES;
				ENABLE_NS_ASSERTIONS = NO;
				ENABLE_STRICT_OBJC_MSGSEND = YES;
				GCC_C_LANGUAGE_STANDARD = gnu99;
				GCC_WARN_64_TO_32_BIT_CONVERSION = YES;
				GCC_WARN_ABOUT_RETURN_TYPE = YES_ERROR;
				GCC_WARN_UNDECLARED_SELECTOR = YES;
				GCC_WARN_UNINITIALIZED_AUTOS = YES_AGGRESSIVE;
				GCC_WARN_UNUSED_FUNCTION = YES;
				GCC_WARN_UNUSED_VARIABLE = YES;
				IPHONEOS_DEPLOYMENT_TARGET = 8.1;
				MTL_ENABLE_DEBUG_INFO = NO;
				SDKROOT = iphoneos;
				VALIDATE_PRODUCT = YES;
			};
			name = Release;
		};
		CA1506051A80115400058046 /* Debug */ = {
			isa = XCBuildConfiguration;
			baseConfigurationReference = A0C6660004CC7CA00BDBCF8E /* Pods-App.debug.xcconfig */;
			buildSettings = {
				ALWAYS_EMBED_SWIFT_STANDARD_LIBRARIES = YES;
				ASSETCATALOG_COMPILER_APPICON_NAME = AppIcon;
				CLANG_ENABLE_MODULES = YES;
				DEVELOPMENT_TEAM = CWWS67CQ58;
				INFOPLIST_FILE = App/Resources/Info.plist;
				IPHONEOS_DEPLOYMENT_TARGET = 9.3;
				LD_RUNPATH_SEARCH_PATHS = "$(inherited) @executable_path/Frameworks";
				PRODUCT_NAME = Fietsknelpunten;
				SWIFT_OPTIMIZATION_LEVEL = "-Onone";
				SWIFT_VERSION = 3.0;
			};
			name = Debug;
		};
		CA1506061A80115400058046 /* Release */ = {
			isa = XCBuildConfiguration;
			baseConfigurationReference = 523EB31B7A9C690DBDAE81EA /* Pods-App.release.xcconfig */;
			buildSettings = {
				ALWAYS_EMBED_SWIFT_STANDARD_LIBRARIES = YES;
				ASSETCATALOG_COMPILER_APPICON_NAME = AppIcon;
				CLANG_ENABLE_MODULES = YES;
				DEVELOPMENT_TEAM = CWWS67CQ58;
				INFOPLIST_FILE = App/Resources/Info.plist;
				IPHONEOS_DEPLOYMENT_TARGET = 9.3;
				LD_RUNPATH_SEARCH_PATHS = "$(inherited) @executable_path/Frameworks";
				PRODUCT_NAME = Fietsknelpunten;
				SWIFT_VERSION = 3.0;
			};
			name = Release;
		};
		CABEBBA51DD74C47007870AD /* Debug */ = {
			isa = XCBuildConfiguration;
			buildSettings = {
				CLANG_ANALYZER_NONNULL = YES;
				CLANG_ENABLE_MODULES = YES;
				CLANG_WARN_DOCUMENTATION_COMMENTS = YES;
				CLANG_WARN_INFINITE_RECURSION = YES;
				CLANG_WARN_SUSPICIOUS_MOVES = YES;
				CODE_SIGN_IDENTITY = "";
				CURRENT_PROJECT_VERSION = 1;
				DEBUG_INFORMATION_FORMAT = dwarf;
				DEFINES_MODULE = YES;
				DYLIB_COMPATIBILITY_VERSION = 1;
				DYLIB_CURRENT_VERSION = 1;
				DYLIB_INSTALL_NAME_BASE = "@rpath";
				ENABLE_TESTABILITY = YES;
				GCC_NO_COMMON_BLOCKS = YES;
				INFOPLIST_FILE = FietsknelpuntenAPI/Info.plist;
				INSTALL_PATH = "$(LOCAL_LIBRARY_DIR)/Frameworks";
				IPHONEOS_DEPLOYMENT_TARGET = 9.3;
				LD_RUNPATH_SEARCH_PATHS = "$(inherited) @executable_path/Frameworks @loader_path/Frameworks";
				PRODUCT_BUNDLE_IDENTIFIER = be.fietsknelpunten.FietsknelpuntenAPI;
				PRODUCT_NAME = "$(TARGET_NAME)";
				SKIP_INSTALL = YES;
				SWIFT_ACTIVE_COMPILATION_CONDITIONS = DEBUG;
				SWIFT_OPTIMIZATION_LEVEL = "-Onone";
				SWIFT_VERSION = 3.0;
				TARGETED_DEVICE_FAMILY = "1,2";
				VERSIONING_SYSTEM = "apple-generic";
				VERSION_INFO_PREFIX = "";
			};
			name = Debug;
		};
		CABEBBA61DD74C47007870AD /* Release */ = {
			isa = XCBuildConfiguration;
			buildSettings = {
				CLANG_ANALYZER_NONNULL = YES;
				CLANG_ENABLE_MODULES = YES;
				CLANG_WARN_DOCUMENTATION_COMMENTS = YES;
				CLANG_WARN_INFINITE_RECURSION = YES;
				CLANG_WARN_SUSPICIOUS_MOVES = YES;
				CODE_SIGN_IDENTITY = "";
				COPY_PHASE_STRIP = NO;
				CURRENT_PROJECT_VERSION = 1;
				DEBUG_INFORMATION_FORMAT = "dwarf-with-dsym";
				DEFINES_MODULE = YES;
				DYLIB_COMPATIBILITY_VERSION = 1;
				DYLIB_CURRENT_VERSION = 1;
				DYLIB_INSTALL_NAME_BASE = "@rpath";
				GCC_NO_COMMON_BLOCKS = YES;
				INFOPLIST_FILE = FietsknelpuntenAPI/Info.plist;
				INSTALL_PATH = "$(LOCAL_LIBRARY_DIR)/Frameworks";
				IPHONEOS_DEPLOYMENT_TARGET = 9.3;
				LD_RUNPATH_SEARCH_PATHS = "$(inherited) @executable_path/Frameworks @loader_path/Frameworks";
				PRODUCT_BUNDLE_IDENTIFIER = be.fietsknelpunten.FietsknelpuntenAPI;
				PRODUCT_NAME = "$(TARGET_NAME)";
				SKIP_INSTALL = YES;
				SWIFT_OPTIMIZATION_LEVEL = "-Owholemodule";
				SWIFT_VERSION = 3.0;
				TARGETED_DEVICE_FAMILY = "1,2";
				VERSIONING_SYSTEM = "apple-generic";
				VERSION_INFO_PREFIX = "";
			};
			name = Release;
		};
		CABEBBA71DD74C47007870AD /* Debug */ = {
			isa = XCBuildConfiguration;
			buildSettings = {
				ALWAYS_EMBED_SWIFT_STANDARD_LIBRARIES = YES;
				CLANG_ANALYZER_NONNULL = YES;
				CLANG_ENABLE_MODULES = YES;
				CLANG_WARN_DOCUMENTATION_COMMENTS = YES;
				CLANG_WARN_INFINITE_RECURSION = YES;
				CLANG_WARN_SUSPICIOUS_MOVES = YES;
				DEBUG_INFORMATION_FORMAT = dwarf;
				ENABLE_TESTABILITY = YES;
				GCC_NO_COMMON_BLOCKS = YES;
				INFOPLIST_FILE = FietsknelpuntenAPI/Tests/Info.plist;
				IPHONEOS_DEPLOYMENT_TARGET = 10.1;
				LD_RUNPATH_SEARCH_PATHS = "$(inherited) @executable_path/Frameworks @loader_path/Frameworks";
				PRODUCT_BUNDLE_IDENTIFIER = be.fietsknelpunten.FietsknelpuntenAPITests;
				PRODUCT_NAME = "$(TARGET_NAME)";
				SWIFT_ACTIVE_COMPILATION_CONDITIONS = DEBUG;
				SWIFT_OPTIMIZATION_LEVEL = "-Onone";
				SWIFT_VERSION = 3.0;
				TEST_HOST = "$(BUILT_PRODUCTS_DIR)/Fietsknelpunten.app/Fietsknelpunten";
			};
			name = Debug;
		};
		CABEBBA81DD74C47007870AD /* Release */ = {
			isa = XCBuildConfiguration;
			buildSettings = {
				ALWAYS_EMBED_SWIFT_STANDARD_LIBRARIES = YES;
				CLANG_ANALYZER_NONNULL = YES;
				CLANG_ENABLE_MODULES = YES;
				CLANG_WARN_DOCUMENTATION_COMMENTS = YES;
				CLANG_WARN_INFINITE_RECURSION = YES;
				CLANG_WARN_SUSPICIOUS_MOVES = YES;
				COPY_PHASE_STRIP = NO;
				DEBUG_INFORMATION_FORMAT = "dwarf-with-dsym";
				GCC_NO_COMMON_BLOCKS = YES;
				INFOPLIST_FILE = FietsknelpuntenAPI/Tests/Info.plist;
				IPHONEOS_DEPLOYMENT_TARGET = 10.1;
				LD_RUNPATH_SEARCH_PATHS = "$(inherited) @executable_path/Frameworks @loader_path/Frameworks";
				PRODUCT_BUNDLE_IDENTIFIER = be.fietsknelpunten.FietsknelpuntenAPITests;
				PRODUCT_NAME = "$(TARGET_NAME)";
				SWIFT_OPTIMIZATION_LEVEL = "-Owholemodule";
				SWIFT_VERSION = 3.0;
				TEST_HOST = "$(BUILT_PRODUCTS_DIR)/Fietsknelpunten.app/Fietsknelpunten";
			};
			name = Release;
		};
/* End XCBuildConfiguration section */

/* Begin XCConfigurationList section */
		CA1505DC1A80115300058046 /* Build configuration list for PBXProject "Fietsknelpunten" */ = {
			isa = XCConfigurationList;
			buildConfigurations = (
				CA1506021A80115400058046 /* Debug */,
				CA1506031A80115400058046 /* Release */,
			);
			defaultConfigurationIsVisible = 0;
			defaultConfigurationName = Release;
		};
		CA1506041A80115400058046 /* Build configuration list for PBXNativeTarget "App" */ = {
			isa = XCConfigurationList;
			buildConfigurations = (
				CA1506051A80115400058046 /* Debug */,
				CA1506061A80115400058046 /* Release */,
			);
			defaultConfigurationIsVisible = 0;
			defaultConfigurationName = Release;
		};
		CABEBBA91DD74C47007870AD /* Build configuration list for PBXNativeTarget "FietsknelpuntenAPI" */ = {
			isa = XCConfigurationList;
			buildConfigurations = (
				CABEBBA51DD74C47007870AD /* Debug */,
				CABEBBA61DD74C47007870AD /* Release */,
			);
			defaultConfigurationIsVisible = 0;
			defaultConfigurationName = Release;
		};
		CABEBBAB1DD74C47007870AD /* Build configuration list for PBXNativeTarget "FietsknelpuntenAPITests" */ = {
			isa = XCConfigurationList;
			buildConfigurations = (
				CABEBBA71DD74C47007870AD /* Debug */,
				CABEBBA81DD74C47007870AD /* Release */,
			);
			defaultConfigurationIsVisible = 0;
			defaultConfigurationName = Release;
		};
/* End XCConfigurationList section */
	};
	rootObject = CA1505D91A80115300058046 /* Project object */;
}
