// !$*UTF8*$!
{
	archiveVersion = 1;
	classes = {
	};
	objectVersion = 46;
	objects = {

/* Begin PBXBuildFile section */
		46E1ED863D1AE6299829F698 /* Pods_App.framework in Frameworks */ = {isa = PBXBuildFile; fileRef = 7FF6E9E85DBCE64919937A1E /* Pods_App.framework */; };
		CA4FDC161DD5C28F00F7BF9F /* AppDelegate.swift in Sources */ = {isa = PBXBuildFile; fileRef = CA4FDC0C1DD5C28F00F7BF9F /* AppDelegate.swift */; };
		CA4FDC171DD5C28F00F7BF9F /* MainViewController.swift in Sources */ = {isa = PBXBuildFile; fileRef = CA4FDC0E1DD5C28F00F7BF9F /* MainViewController.swift */; };
		CA4FDC181DD5C28F00F7BF9F /* LaunchScreen.xib in Resources */ = {isa = PBXBuildFile; fileRef = CA4FDC101DD5C28F00F7BF9F /* LaunchScreen.xib */; };
		CA4FDC1A1DD5C28F00F7BF9F /* Images.xcassets in Resources */ = {isa = PBXBuildFile; fileRef = CA4FDC141DD5C28F00F7BF9F /* Images.xcassets */; };
		CA4FDC1E1DD5CF2900F7BF9F /* ReportProblemViewController.swift in Sources */ = {isa = PBXBuildFile; fileRef = CA4FDC1D1DD5CF2900F7BF9F /* ReportProblemViewController.swift */; };
/* End PBXBuildFile section */

/* Begin PBXFileReference section */
		523EB31B7A9C690DBDAE81EA /* Pods-App.release.xcconfig */ = {isa = PBXFileReference; includeInIndex = 1; lastKnownFileType = text.xcconfig; name = "Pods-App.release.xcconfig"; path = "Pods/Target Support Files/Pods-App/Pods-App.release.xcconfig"; sourceTree = "<group>"; };
		7FF6E9E85DBCE64919937A1E /* Pods_App.framework */ = {isa = PBXFileReference; explicitFileType = wrapper.framework; includeInIndex = 0; path = Pods_App.framework; sourceTree = BUILT_PRODUCTS_DIR; };
		A0C6660004CC7CA00BDBCF8E /* Pods-App.debug.xcconfig */ = {isa = PBXFileReference; includeInIndex = 1; lastKnownFileType = text.xcconfig; name = "Pods-App.debug.xcconfig"; path = "Pods/Target Support Files/Pods-App/Pods-App.debug.xcconfig"; sourceTree = "<group>"; };
		CA1505E11A80115400058046 /* Fietsknelpunten.app */ = {isa = PBXFileReference; explicitFileType = wrapper.application; includeInIndex = 0; path = Fietsknelpunten.app; sourceTree = BUILT_PRODUCTS_DIR; };
		CA4FDC0C1DD5C28F00F7BF9F /* AppDelegate.swift */ = {isa = PBXFileReference; fileEncoding = 4; lastKnownFileType = sourcecode.swift; path = AppDelegate.swift; sourceTree = "<group>"; };
		CA4FDC0D1DD5C28F00F7BF9F /* Fietsknelpunten-Bridging-Header.h */ = {isa = PBXFileReference; fileEncoding = 4; lastKnownFileType = sourcecode.c.h; path = "Fietsknelpunten-Bridging-Header.h"; sourceTree = "<group>"; };
		CA4FDC0E1DD5C28F00F7BF9F /* MainViewController.swift */ = {isa = PBXFileReference; fileEncoding = 4; lastKnownFileType = sourcecode.swift; path = MainViewController.swift; sourceTree = "<group>"; };
		CA4FDC111DD5C28F00F7BF9F /* Base */ = {isa = PBXFileReference; lastKnownFileType = file.xib; name = Base; path = Base.lproj/LaunchScreen.xib; sourceTree = "<group>"; };
		CA4FDC141DD5C28F00F7BF9F /* Images.xcassets */ = {isa = PBXFileReference; lastKnownFileType = folder.assetcatalog; path = Images.xcassets; sourceTree = "<group>"; };
		CA4FDC151DD5C28F00F7BF9F /* Info.plist */ = {isa = PBXFileReference; fileEncoding = 4; lastKnownFileType = text.plist.xml; path = Info.plist; sourceTree = "<group>"; };
		CA4FDC1D1DD5CF2900F7BF9F /* ReportProblemViewController.swift */ = {isa = PBXFileReference; fileEncoding = 4; lastKnownFileType = sourcecode.swift; path = ReportProblemViewController.swift; sourceTree = "<group>"; };
/* End PBXFileReference section */

/* Begin PBXFrameworksBuildPhase section */
		CA1505DE1A80115400058046 /* Frameworks */ = {
			isa = PBXFrameworksBuildPhase;
			buildActionMask = 2147483647;
			files = (
				46E1ED863D1AE6299829F698 /* Pods_App.framework in Frameworks */,
			);
			runOnlyForDeploymentPostprocessing = 0;
		};
/* End PBXFrameworksBuildPhase section */

/* Begin PBXGroup section */
		5A84A4567A84FC4CAFC0C232 /* Frameworks */ = {
			isa = PBXGroup;
			children = (
				7FF6E9E85DBCE64919937A1E /* Pods_App.framework */,
			);
			name = Frameworks;
			sourceTree = "<group>";
		};
		8A4690D293CA8B584418F913 /* Pods */ = {
			isa = PBXGroup;
			children = (
				A0C6660004CC7CA00BDBCF8E /* Pods-App.debug.xcconfig */,
				523EB31B7A9C690DBDAE81EA /* Pods-App.release.xcconfig */,
			);
			name = Pods;
			sourceTree = "<group>";
		};
		CA1505D81A80115300058046 = {
			isa = PBXGroup;
			children = (
				CA4FDC0B1DD5C28F00F7BF9F /* App */,
				CA1505E21A80115400058046 /* Products */,
				8A4690D293CA8B584418F913 /* Pods */,
				5A84A4567A84FC4CAFC0C232 /* Frameworks */,
			);
			sourceTree = "<group>";
		};
		CA1505E21A80115400058046 /* Products */ = {
			isa = PBXGroup;
			children = (
				CA1505E11A80115400058046 /* Fietsknelpunten.app */,
			);
			name = Products;
			sourceTree = "<group>";
		};
		CA4FDC0B1DD5C28F00F7BF9F /* App */ = {
			isa = PBXGroup;
			children = (
				CA4FDC0C1DD5C28F00F7BF9F /* AppDelegate.swift */,
				CA4FDC0D1DD5C28F00F7BF9F /* Fietsknelpunten-Bridging-Header.h */,
				CA4FDC0E1DD5C28F00F7BF9F /* MainViewController.swift */,
				CA4FDC1C1DD5CEBC00F7BF9F /* Report */,
				CA4FDC0F1DD5C28F00F7BF9F /* Resources */,
			);
			path = App;
			sourceTree = "<group>";
		};
		CA4FDC0F1DD5C28F00F7BF9F /* Resources */ = {
			isa = PBXGroup;
			children = (
				CA4FDC101DD5C28F00F7BF9F /* LaunchScreen.xib */,
				CA4FDC141DD5C28F00F7BF9F /* Images.xcassets */,
				CA4FDC151DD5C28F00F7BF9F /* Info.plist */,
			);
			path = Resources;
			sourceTree = "<group>";
		};
		CA4FDC1C1DD5CEBC00F7BF9F /* Report */ = {
			isa = PBXGroup;
			children = (
				CA4FDC1D1DD5CF2900F7BF9F /* ReportProblemViewController.swift */,
			);
			path = Report;
			sourceTree = "<group>";
		};
/* End PBXGroup section */

/* Begin PBXNativeTarget section */
		CA1505E01A80115400058046 /* App */ = {
			isa = PBXNativeTarget;
			buildConfigurationList = CA1506041A80115400058046 /* Build configuration list for PBXNativeTarget "App" */;
			buildPhases = (
				3EC0D0959E80DFDF42EF272D /* [CP] Check Pods Manifest.lock */,
				CA1505DD1A80115400058046 /* Sources */,
				CA1505DE1A80115400058046 /* Frameworks */,
				CA1505DF1A80115400058046 /* Resources */,
				F881F2A7C88D0233C2065FF9 /* [CP] Embed Pods Frameworks */,
				539F7AD207BF2728E2EE5A92 /* [CP] Copy Pods Resources */,
			);
			buildRules = (
			);
			dependencies = (
			);
			name = App;
			productName = Fietsknelpunten;
			productReference = CA1505E11A80115400058046 /* Fietsknelpunten.app */;
			productType = "com.apple.product-type.application";
		};
/* End PBXNativeTarget section */

/* Begin PBXProject section */
		CA1505D91A80115300058046 /* Project object */ = {
			isa = PBXProject;
			attributes = {
				LastUpgradeCheck = 0610;
				ORGANIZATIONNAME = Fietsknelpunten;
				TargetAttributes = {
					CA1505E01A80115400058046 = {
						CreatedOnToolsVersion = 6.1.1;
						LastSwiftMigration = 0810;
					};
				};
			};
			buildConfigurationList = CA1505DC1A80115300058046 /* Build configuration list for PBXProject "Fietsknelpunten" */;
			compatibilityVersion = "Xcode 3.2";
			developmentRegion = English;
			hasScannedForEncodings = 0;
			knownRegions = (
				en,
				Base,
			);
			mainGroup = CA1505D81A80115300058046;
			productRefGroup = CA1505E21A80115400058046 /* Products */;
			projectDirPath = "";
			projectRoot = "";
			targets = (
				CA1505E01A80115400058046 /* App */,
			);
		};
/* End PBXProject section */

/* Begin PBXResourcesBuildPhase section */
		CA1505DF1A80115400058046 /* Resources */ = {
			isa = PBXResourcesBuildPhase;
			buildActionMask = 2147483647;
			files = (
				CA4FDC1A1DD5C28F00F7BF9F /* Images.xcassets in Resources */,
				CA4FDC181DD5C28F00F7BF9F /* LaunchScreen.xib in Resources */,
			);
			runOnlyForDeploymentPostprocessing = 0;
		};
/* End PBXResourcesBuildPhase section */

/* Begin PBXShellScriptBuildPhase section */
		3EC0D0959E80DFDF42EF272D /* [CP] Check Pods Manifest.lock */ = {
			isa = PBXShellScriptBuildPhase;
			buildActionMask = 2147483647;
			files = (
			);
			inputPaths = (
			);
			name = "[CP] Check Pods Manifest.lock";
			outputPaths = (
			);
			runOnlyForDeploymentPostprocessing = 0;
			shellPath = /bin/sh;
			shellScript = "diff \"${PODS_ROOT}/../Podfile.lock\" \"${PODS_ROOT}/Manifest.lock\" > /dev/null\nif [ $? != 0 ] ; then\n    # print error to STDERR\n    echo \"error: The sandbox is not in sync with the Podfile.lock. Run 'pod install' or update your CocoaPods installation.\" >&2\n    exit 1\nfi\n";
			showEnvVarsInLog = 0;
		};
		539F7AD207BF2728E2EE5A92 /* [CP] Copy Pods Resources */ = {
			isa = PBXShellScriptBuildPhase;
			buildActionMask = 2147483647;
			files = (
			);
			inputPaths = (
			);
			name = "[CP] Copy Pods Resources";
			outputPaths = (
			);
			runOnlyForDeploymentPostprocessing = 0;
			shellPath = /bin/sh;
			shellScript = "\"${SRCROOT}/Pods/Target Support Files/Pods-App/Pods-App-resources.sh\"\n";
			showEnvVarsInLog = 0;
		};
		F881F2A7C88D0233C2065FF9 /* [CP] Embed Pods Frameworks */ = {
			isa = PBXShellScriptBuildPhase;
			buildActionMask = 2147483647;
			files = (
			);
			inputPaths = (
			);
			name = "[CP] Embed Pods Frameworks";
			outputPaths = (
			);
			runOnlyForDeploymentPostprocessing = 0;
			shellPath = /bin/sh;
			shellScript = "\"${SRCROOT}/Pods/Target Support Files/Pods-App/Pods-App-frameworks.sh\"\n";
			showEnvVarsInLog = 0;
		};
/* End PBXShellScriptBuildPhase section */

/* Begin PBXSourcesBuildPhase section */
		CA1505DD1A80115400058046 /* Sources */ = {
			isa = PBXSourcesBuildPhase;
			buildActionMask = 2147483647;
			files = (
				CA4FDC1E1DD5CF2900F7BF9F /* ReportProblemViewController.swift in Sources */,
				CA4FDC161DD5C28F00F7BF9F /* AppDelegate.swift in Sources */,
				CA4FDC171DD5C28F00F7BF9F /* MainViewController.swift in Sources */,
			);
			runOnlyForDeploymentPostprocessing = 0;
		};
/* End PBXSourcesBuildPhase section */

/* Begin PBXVariantGroup section */
		CA4FDC101DD5C28F00F7BF9F /* LaunchScreen.xib */ = {
			isa = PBXVariantGroup;
			children = (
				CA4FDC111DD5C28F00F7BF9F /* Base */,
			);
			name = LaunchScreen.xib;
			sourceTree = "<group>";
		};
/* End PBXVariantGroup section */

/* Begin XCBuildConfiguration section */
		CA1506021A80115400058046 /* Debug */ = {
			isa = XCBuildConfiguration;
			buildSettings = {
				ALWAYS_SEARCH_USER_PATHS = NO;
				CLANG_CXX_LANGUAGE_STANDARD = "gnu++0x";
				CLANG_CXX_LIBRARY = "libc++";
				CLANG_ENABLE_MODULES = YES;
				CLANG_ENABLE_OBJC_ARC = YES;
				CLANG_WARN_BOOL_CONVERSION = YES;
				CLANG_WARN_CONSTANT_CONVERSION = YES;
				CLANG_WARN_DIRECT_OBJC_ISA_USAGE = YES_ERROR;
				CLANG_WARN_EMPTY_BODY = YES;
				CLANG_WARN_ENUM_CONVERSION = YES;
				CLANG_WARN_INT_CONVERSION = YES;
				CLANG_WARN_OBJC_ROOT_CLASS = YES_ERROR;
				CLANG_WARN_UNREACHABLE_CODE = YES;
				CLANG_WARN__DUPLICATE_METHOD_MATCH = YES;
				"CODE_SIGN_IDENTITY[sdk=iphoneos*]" = "iPhone Developer";
				COPY_PHASE_STRIP = NO;
				ENABLE_STRICT_OBJC_MSGSEND = YES;
				GCC_C_LANGUAGE_STANDARD = gnu99;
				GCC_DYNAMIC_NO_PIC = NO;
				GCC_OPTIMIZATION_LEVEL = 0;
				GCC_PREPROCESSOR_DEFINITIONS = (
					"DEBUG=1",
					"$(inherited)",
				);
				GCC_SYMBOLS_PRIVATE_EXTERN = NO;
				GCC_WARN_64_TO_32_BIT_CONVERSION = YES;
				GCC_WARN_ABOUT_RETURN_TYPE = YES_ERROR;
				GCC_WARN_UNDECLARED_SELECTOR = YES;
				GCC_WARN_UNINITIALIZED_AUTOS = YES_AGGRESSIVE;
				GCC_WARN_UNUSED_FUNCTION = YES;
				GCC_WARN_UNUSED_VARIABLE = YES;
				IPHONEOS_DEPLOYMENT_TARGET = 8.1;
				MTL_ENABLE_DEBUG_INFO = YES;
				ONLY_ACTIVE_ARCH = YES;
				SDKROOT = iphoneos;
			};
			name = Debug;
		};
		CA1506031A80115400058046 /* Release */ = {
			isa = XCBuildConfiguration;
			buildSettings = {
				ALWAYS_SEARCH_USER_PATHS = NO;
				CLANG_CXX_LANGUAGE_STANDARD = "gnu++0x";
				CLANG_CXX_LIBRARY = "libc++";
				CLANG_ENABLE_MODULES = YES;
				CLANG_ENABLE_OBJC_ARC = YES;
				CLANG_WARN_BOOL_CONVERSION = YES;
				CLANG_WARN_CONSTANT_CONVERSION = YES;
				CLANG_WARN_DIRECT_OBJC_ISA_USAGE = YES_ERROR;
				CLANG_WARN_EMPTY_BODY = YES;
				CLANG_WARN_ENUM_CONVERSION = YES;
				CLANG_WARN_INT_CONVERSION = YES;
				CLANG_WARN_OBJC_ROOT_CLASS = YES_ERROR;
				CLANG_WARN_UNREACHABLE_CODE = YES;
				CLANG_WARN__DUPLICATE_METHOD_MATCH = YES;
				"CODE_SIGN_IDENTITY[sdk=iphoneos*]" = "iPhone Developer";
				COPY_PHASE_STRIP = YES;
				ENABLE_NS_ASSERTIONS = NO;
				ENABLE_STRICT_OBJC_MSGSEND = YES;
				GCC_C_LANGUAGE_STANDARD = gnu99;
				GCC_WARN_64_TO_32_BIT_CONVERSION = YES;
				GCC_WARN_ABOUT_RETURN_TYPE = YES_ERROR;
				GCC_WARN_UNDECLARED_SELECTOR = YES;
				GCC_WARN_UNINITIALIZED_AUTOS = YES_AGGRESSIVE;
				GCC_WARN_UNUSED_FUNCTION = YES;
				GCC_WARN_UNUSED_VARIABLE = YES;
				IPHONEOS_DEPLOYMENT_TARGET = 8.1;
				MTL_ENABLE_DEBUG_INFO = NO;
				SDKROOT = iphoneos;
				VALIDATE_PRODUCT = YES;
			};
			name = Release;
		};
		CA1506051A80115400058046 /* Debug */ = {
			isa = XCBuildConfiguration;
			baseConfigurationReference = A0C6660004CC7CA00BDBCF8E /* Pods-App.debug.xcconfig */;
			buildSettings = {
				ASSETCATALOG_COMPILER_APPICON_NAME = AppIcon;
				CLANG_ENABLE_MODULES = YES;
				INFOPLIST_FILE = App/Resources/Info.plist;
				LD_RUNPATH_SEARCH_PATHS = "$(inherited) @executable_path/Frameworks";
				PRODUCT_NAME = Fietsknelpunten;
				SWIFT_OBJC_BRIDGING_HEADER = "App/Fietsknelpunten-Bridging-Header.h";
				SWIFT_OPTIMIZATION_LEVEL = "-Onone";
				SWIFT_VERSION = 3.0;
			};
			name = Debug;
		};
		CA1506061A80115400058046 /* Release */ = {
			isa = XCBuildConfiguration;
			baseConfigurationReference = 523EB31B7A9C690DBDAE81EA /* Pods-App.release.xcconfig */;
			buildSettings = {
				ASSETCATALOG_COMPILER_APPICON_NAME = AppIcon;
				CLANG_ENABLE_MODULES = YES;
				INFOPLIST_FILE = App/Resources/Info.plist;
				LD_RUNPATH_SEARCH_PATHS = "$(inherited) @executable_path/Frameworks";
				PRODUCT_NAME = Fietsknelpunten;
				SWIFT_OBJC_BRIDGING_HEADER = "App/Fietsknelpunten-Bridging-Header.h";
				SWIFT_VERSION = 3.0;
			};
			name = Release;
		};
/* End XCBuildConfiguration section */

/* Begin XCConfigurationList section */
		CA1505DC1A80115300058046 /* Build configuration list for PBXProject "Fietsknelpunten" */ = {
			isa = XCConfigurationList;
			buildConfigurations = (
				CA1506021A80115400058046 /* Debug */,
				CA1506031A80115400058046 /* Release */,
			);
			defaultConfigurationIsVisible = 0;
			defaultConfigurationName = Release;
		};
		CA1506041A80115400058046 /* Build configuration list for PBXNativeTarget "App" */ = {
			isa = XCConfigurationList;
			buildConfigurations = (
				CA1506051A80115400058046 /* Debug */,
				CA1506061A80115400058046 /* Release */,
			);
			defaultConfigurationIsVisible = 0;
			defaultConfigurationName = Release;
		};
/* End XCConfigurationList section */
	};
	rootObject = CA1505D91A80115300058046 /* Project object */;
}
