// !$*UTF8*$!
{
	archiveVersion = 1;
	classes = {
	};
	objectVersion = 46;
	objects = {

/* Begin PBXBuildFile section */
		CA1505E71A80115400058046 /* main.m in Sources */ = {isa = PBXBuildFile; fileRef = CA1505E61A80115400058046 /* main.m */; };
		CA1505F21A80115400058046 /* Images.xcassets in Resources */ = {isa = PBXBuildFile; fileRef = CA1505F11A80115400058046 /* Images.xcassets */; };
		CA1505F51A80115400058046 /* LaunchScreen.xib in Resources */ = {isa = PBXBuildFile; fileRef = CA1505F31A80115400058046 /* LaunchScreen.xib */; };
		CA4FDC081DD5BC6A00F7BF9F /* AppDelegate.swift in Sources */ = {isa = PBXBuildFile; fileRef = CA4FDC071DD5BC6A00F7BF9F /* AppDelegate.swift */; };
		CA4FDC0A1DD5BCFB00F7BF9F /* MainViewController.swift in Sources */ = {isa = PBXBuildFile; fileRef = CA4FDC091DD5BCFB00F7BF9F /* MainViewController.swift */; };
/* End PBXBuildFile section */

/* Begin PBXFileReference section */
		CA1505E11A80115400058046 /* Fietsknelpunten.app */ = {isa = PBXFileReference; explicitFileType = wrapper.application; includeInIndex = 0; path = Fietsknelpunten.app; sourceTree = BUILT_PRODUCTS_DIR; };
		CA1505E51A80115400058046 /* Info.plist */ = {isa = PBXFileReference; lastKnownFileType = text.plist.xml; path = Info.plist; sourceTree = "<group>"; };
		CA1505E61A80115400058046 /* main.m */ = {isa = PBXFileReference; lastKnownFileType = sourcecode.c.objc; path = main.m; sourceTree = "<group>"; };
		CA1505F11A80115400058046 /* Images.xcassets */ = {isa = PBXFileReference; lastKnownFileType = folder.assetcatalog; path = Images.xcassets; sourceTree = "<group>"; };
		CA1505F41A80115400058046 /* Base */ = {isa = PBXFileReference; lastKnownFileType = file.xib; name = Base; path = Base.lproj/LaunchScreen.xib; sourceTree = "<group>"; };
		CA4FDC061DD5BC6900F7BF9F /* Fietsknelpunten-Bridging-Header.h */ = {isa = PBXFileReference; lastKnownFileType = sourcecode.c.h; path = "Fietsknelpunten-Bridging-Header.h"; sourceTree = "<group>"; };
		CA4FDC071DD5BC6A00F7BF9F /* AppDelegate.swift */ = {isa = PBXFileReference; fileEncoding = 4; lastKnownFileType = sourcecode.swift; path = AppDelegate.swift; sourceTree = "<group>"; };
		CA4FDC091DD5BCFB00F7BF9F /* MainViewController.swift */ = {isa = PBXFileReference; fileEncoding = 4; lastKnownFileType = sourcecode.swift; path = MainViewController.swift; sourceTree = "<group>"; };
/* End PBXFileReference section */

/* Begin PBXFrameworksBuildPhase section */
		CA1505DE1A80115400058046 /* Frameworks */ = {
			isa = PBXFrameworksBuildPhase;
			buildActionMask = 2147483647;
			files = (
			);
			runOnlyForDeploymentPostprocessing = 0;
		};
/* End PBXFrameworksBuildPhase section */

/* Begin PBXGroup section */
		CA1505D81A80115300058046 = {
			isa = PBXGroup;
			children = (
				CA1505E31A80115400058046 /* Fietsknelpunten */,
				CA1505E21A80115400058046 /* Products */,
			);
			sourceTree = "<group>";
		};
		CA1505E21A80115400058046 /* Products */ = {
			isa = PBXGroup;
			children = (
				CA1505E11A80115400058046 /* Fietsknelpunten.app */,
			);
			name = Products;
			sourceTree = "<group>";
		};
		CA1505E31A80115400058046 /* Fietsknelpunten */ = {
			isa = PBXGroup;
			children = (
				CA1505F11A80115400058046 /* Images.xcassets */,
				CA1505F31A80115400058046 /* LaunchScreen.xib */,
				CA1505E41A80115400058046 /* Supporting Files */,
				CA4FDC071DD5BC6A00F7BF9F /* AppDelegate.swift */,
				CA4FDC061DD5BC6900F7BF9F /* Fietsknelpunten-Bridging-Header.h */,
				CA4FDC091DD5BCFB00F7BF9F /* MainViewController.swift */,
			);
			path = Fietsknelpunten;
			sourceTree = "<group>";
		};
		CA1505E41A80115400058046 /* Supporting Files */ = {
			isa = PBXGroup;
			children = (
				CA1505E51A80115400058046 /* Info.plist */,
				CA1505E61A80115400058046 /* main.m */,
			);
			name = "Supporting Files";
			sourceTree = "<group>";
		};
/* End PBXGroup section */

/* Begin PBXNativeTarget section */
		CA1505E01A80115400058046 /* Fietsknelpunten */ = {
			isa = PBXNativeTarget;
			buildConfigurationList = CA1506041A80115400058046 /* Build configuration list for PBXNativeTarget "Fietsknelpunten" */;
			buildPhases = (
				CA1505DD1A80115400058046 /* Sources */,
				CA1505DE1A80115400058046 /* Frameworks */,
				CA1505DF1A80115400058046 /* Resources */,
			);
			buildRules = (
			);
			dependencies = (
			);
			name = Fietsknelpunten;
			productName = Fietsknelpunten;
			productReference = CA1505E11A80115400058046 /* Fietsknelpunten.app */;
			productType = "com.apple.product-type.application";
		};
/* End PBXNativeTarget section */

/* Begin PBXProject section */
		CA1505D91A80115300058046 /* Project object */ = {
			isa = PBXProject;
			attributes = {
				LastUpgradeCheck = 0610;
				ORGANIZATIONNAME = Fietsknelpunten;
				TargetAttributes = {
					CA1505E01A80115400058046 = {
						CreatedOnToolsVersion = 6.1.1;
						LastSwiftMigration = 0810;
					};
				};
			};
			buildConfigurationList = CA1505DC1A80115300058046 /* Build configuration list for PBXProject "Fietsknelpunten" */;
			compatibilityVersion = "Xcode 3.2";
			developmentRegion = English;
			hasScannedForEncodings = 0;
			knownRegions = (
				en,
				Base,
			);
			mainGroup = CA1505D81A80115300058046;
			productRefGroup = CA1505E21A80115400058046 /* Products */;
			projectDirPath = "";
			projectRoot = "";
			targets = (
				CA1505E01A80115400058046 /* Fietsknelpunten */,
			);
		};
/* End PBXProject section */

/* Begin PBXResourcesBuildPhase section */
		CA1505DF1A80115400058046 /* Resources */ = {
			isa = PBXResourcesBuildPhase;
			buildActionMask = 2147483647;
			files = (
				CA1505F51A80115400058046 /* LaunchScreen.xib in Resources */,
				CA1505F21A80115400058046 /* Images.xcassets in Resources */,
			);
			runOnlyForDeploymentPostprocessing = 0;
		};
/* End PBXResourcesBuildPhase section */

/* Begin PBXSourcesBuildPhase section */
		CA1505DD1A80115400058046 /* Sources */ = {
			isa = PBXSourcesBuildPhase;
			buildActionMask = 2147483647;
			files = (
				CA4FDC0A1DD5BCFB00F7BF9F /* MainViewController.swift in Sources */,
				CA4FDC081DD5BC6A00F7BF9F /* AppDelegate.swift in Sources */,
				CA1505E71A80115400058046 /* main.m in Sources */,
			);
			runOnlyForDeploymentPostprocessing = 0;
		};
/* End PBXSourcesBuildPhase section */

/* Begin PBXVariantGroup section */
		CA1505F31A80115400058046 /* LaunchScreen.xib */ = {
			isa = PBXVariantGroup;
			children = (
				CA1505F41A80115400058046 /* Base */,
			);
			name = LaunchScreen.xib;
			sourceTree = "<group>";
		};
/* End PBXVariantGroup section */

/* Begin XCBuildConfiguration section */
		CA1506021A80115400058046 /* Debug */ = {
			isa = XCBuildConfiguration;
			buildSettings = {
				ALWAYS_SEARCH_USER_PATHS = NO;
				CLANG_CXX_LANGUAGE_STANDARD = "gnu++0x";
				CLANG_CXX_LIBRARY = "libc++";
				CLANG_ENABLE_MODULES = YES;
				CLANG_ENABLE_OBJC_ARC = YES;
				CLANG_WARN_BOOL_CONVERSION = YES;
				CLANG_WARN_CONSTANT_CONVERSION = YES;
				CLANG_WARN_DIRECT_OBJC_ISA_USAGE = YES_ERROR;
				CLANG_WARN_EMPTY_BODY = YES;
				CLANG_WARN_ENUM_CONVERSION = YES;
				CLANG_WARN_INT_CONVERSION = YES;
				CLANG_WARN_OBJC_ROOT_CLASS = YES_ERROR;
				CLANG_WARN_UNREACHABLE_CODE = YES;
				CLANG_WARN__DUPLICATE_METHOD_MATCH = YES;
				"CODE_SIGN_IDENTITY[sdk=iphoneos*]" = "iPhone Developer";
				COPY_PHASE_STRIP = NO;
				ENABLE_STRICT_OBJC_MSGSEND = YES;
				GCC_C_LANGUAGE_STANDARD = gnu99;
				GCC_DYNAMIC_NO_PIC = NO;
				GCC_OPTIMIZATION_LEVEL = 0;
				GCC_PREPROCESSOR_DEFINITIONS = (
					"DEBUG=1",
					"$(inherited)",
				);
				GCC_SYMBOLS_PRIVATE_EXTERN = NO;
				GCC_WARN_64_TO_32_BIT_CONVERSION = YES;
				GCC_WARN_ABOUT_RETURN_TYPE = YES_ERROR;
				GCC_WARN_UNDECLARED_SELECTOR = YES;
				GCC_WARN_UNINITIALIZED_AUTOS = YES_AGGRESSIVE;
				GCC_WARN_UNUSED_FUNCTION = YES;
				GCC_WARN_UNUSED_VARIABLE = YES;
				IPHONEOS_DEPLOYMENT_TARGET = 8.1;
				MTL_ENABLE_DEBUG_INFO = YES;
				ONLY_ACTIVE_ARCH = YES;
				SDKROOT = iphoneos;
			};
			name = Debug;
		};
		CA1506031A80115400058046 /* Release */ = {
			isa = XCBuildConfiguration;
			buildSettings = {
				ALWAYS_SEARCH_USER_PATHS = NO;
				CLANG_CXX_LANGUAGE_STANDARD = "gnu++0x";
				CLANG_CXX_LIBRARY = "libc++";
				CLANG_ENABLE_MODULES = YES;
				CLANG_ENABLE_OBJC_ARC = YES;
				CLANG_WARN_BOOL_CONVERSION = YES;
				CLANG_WARN_CONSTANT_CONVERSION = YES;
				CLANG_WARN_DIRECT_OBJC_ISA_USAGE = YES_ERROR;
				CLANG_WARN_EMPTY_BODY = YES;
				CLANG_WARN_ENUM_CONVERSION = YES;
				CLANG_WARN_INT_CONVERSION = YES;
				CLANG_WARN_OBJC_ROOT_CLASS = YES_ERROR;
				CLANG_WARN_UNREACHABLE_CODE = YES;
				CLANG_WARN__DUPLICATE_METHOD_MATCH = YES;
				"CODE_SIGN_IDENTITY[sdk=iphoneos*]" = "iPhone Developer";
				COPY_PHASE_STRIP = YES;
				ENABLE_NS_ASSERTIONS = NO;
				ENABLE_STRICT_OBJC_MSGSEND = YES;
				GCC_C_LANGUAGE_STANDARD = gnu99;
				GCC_WARN_64_TO_32_BIT_CONVERSION = YES;
				GCC_WARN_ABOUT_RETURN_TYPE = YES_ERROR;
				GCC_WARN_UNDECLARED_SELECTOR = YES;
				GCC_WARN_UNINITIALIZED_AUTOS = YES_AGGRESSIVE;
				GCC_WARN_UNUSED_FUNCTION = YES;
				GCC_WARN_UNUSED_VARIABLE = YES;
				IPHONEOS_DEPLOYMENT_TARGET = 8.1;
				MTL_ENABLE_DEBUG_INFO = NO;
				SDKROOT = iphoneos;
				VALIDATE_PRODUCT = YES;
			};
			name = Release;
		};
		CA1506051A80115400058046 /* Debug */ = {
			isa = XCBuildConfiguration;
			buildSettings = {
				ASSETCATALOG_COMPILER_APPICON_NAME = AppIcon;
				CLANG_ENABLE_MODULES = YES;
				INFOPLIST_FILE = Fietsknelpunten/Info.plist;
				LD_RUNPATH_SEARCH_PATHS = "$(inherited) @executable_path/Frameworks";
				PRODUCT_NAME = "$(TARGET_NAME)";
				SWIFT_OBJC_BRIDGING_HEADER = "Fietsknelpunten/Fietsknelpunten-Bridging-Header.h";
				SWIFT_OPTIMIZATION_LEVEL = "-Onone";
				SWIFT_VERSION = 3.0;
			};
			name = Debug;
		};
		CA1506061A80115400058046 /* Release */ = {
			isa = XCBuildConfiguration;
			buildSettings = {
				ASSETCATALOG_COMPILER_APPICON_NAME = AppIcon;
				CLANG_ENABLE_MODULES = YES;
				INFOPLIST_FILE = Fietsknelpunten/Info.plist;
				LD_RUNPATH_SEARCH_PATHS = "$(inherited) @executable_path/Frameworks";
				PRODUCT_NAME = "$(TARGET_NAME)";
				SWIFT_OBJC_BRIDGING_HEADER = "Fietsknelpunten/Fietsknelpunten-Bridging-Header.h";
				SWIFT_VERSION = 3.0;
			};
			name = Release;
		};
/* End XCBuildConfiguration section */

/* Begin XCConfigurationList section */
		CA1505DC1A80115300058046 /* Build configuration list for PBXProject "Fietsknelpunten" */ = {
			isa = XCConfigurationList;
			buildConfigurations = (
				CA1506021A80115400058046 /* Debug */,
				CA1506031A80115400058046 /* Release */,
			);
			defaultConfigurationIsVisible = 0;
			defaultConfigurationName = Release;
		};
		CA1506041A80115400058046 /* Build configuration list for PBXNativeTarget "Fietsknelpunten" */ = {
			isa = XCConfigurationList;
			buildConfigurations = (
				CA1506051A80115400058046 /* Debug */,
				CA1506061A80115400058046 /* Release */,
			);
			defaultConfigurationIsVisible = 0;
			defaultConfigurationName = Release;
		};
/* End XCConfigurationList section */
	};
	rootObject = CA1505D91A80115300058046 /* Project object */;
}
